
Microsoft Visual Studio Solution File, Format Version 12.00
# Visual Studio Version 16
VisualStudioVersion = 16.0.31410.357
MinimumVisualStudioVersion = 10.0.40219.1
Project("{FAE04EC0-301F-11D3-BF4B-00C04F79EFBC}") = "Aplication history", "Aplication history\Aplication history.csproj", "{4A3A288F-0852-45D8-9DAD-7C582A5E97D9}"
EndProject
Global
	GlobalSection(SolutionConfigurationPlatforms) = preSolution
		Debug|Any CPU = Debug|Any CPU
		Release|Any CPU = Release|Any CPU
	EndGlobalSection
	GlobalSection(ProjectConfigurationPlatforms) = postSolution
		{4A3A288F-0852-45D8-9DAD-7C582A5E97D9}.Debug|Any CPU.ActiveCfg = Debug|Any CPU
		{4A3A288F-0852-45D8-9DAD-7C582A5E97D9}.Debug|Any CPU.Build.0 = Debug|Any CPU
		{4A3A288F-0852-45D8-9DAD-7C582A5E97D9}.Release|Any CPU.ActiveCfg = Release|Any CPU
		{4A3A288F-0852-45D8-9DAD-7C582A5E97D9}.Release|Any CPU.Build.0 = Release|Any CPU
	EndGlobalSection
	GlobalSection(SolutionProperties) = preSolution
		HideSolutionNode = FALSE
	EndGlobalSection
	GlobalSection(ExtensibilityGlobals) = postSolution
		SolutionGuid = {CE826405-B1F6-4E3D-BE7E-2AE781B859E7}
	EndGlobalSection
EndGlobal
